Microsoft Visual Studio Solution File, Format Version 12.00
# Visual Studio 15
Project("{8BC9CEB8-8B4A-11D0-8D11-00A0C91BC942}") = "ALL_BUILD", "ALL_BUILD.vcxproj", "{5216F769-E887-369E-AD1E-D6A1F69E834E}"
	ProjectSection(ProjectDependencies) = postProject
		{17E8F84B-76CD-326B-B50A-C4F3C3A8CE33} = {17E8F84B-76CD-326B-B50A-C4F3C3A8CE33}
		{806A44E1-15D4-3368-B0B9-2A6CC352D505} = {806A44E1-15D4-3368-B0B9-2A6CC352D505}
		{5AF43E07-5917-3D8F-9BF0-B41F698242EA} = {5AF43E07-5917-3D8F-9BF0-B41F698242EA}
		{885D3D2B-7278-30EF-BB1B-50E83D1635C4} = {885D3D2B-7278-30EF-BB1B-50E83D1635C4}
		{3CD61EAE-244E-33AB-8C7D-F5182481E033} = {3CD61EAE-244E-33AB-8C7D-F5182481E033}
		{97131187-E592-3981-886F-222EE20FB669} = {97131187-E592-3981-886F-222EE20FB669}
		{25A05D30-AFC2-3F0E-B475-0B2B81530151} = {25A05D30-AFC2-3F0E-B475-0B2B81530151}
		{8A6B1F60-8E2D-3171-828B-07E732C8E7D7} = {8A6B1F60-8E2D-3171-828B-07E732C8E7D7}
		{3784D69C-33A9-33A7-A557-F809EF2F4D34} = {3784D69C-33A9-33A7-A557-F809EF2F4D34}
		{EA3973A2-F92E-3124-9817-81B2458EC8DC} = {EA3973A2-F92E-3124-9817-81B2458EC8DC}
		{36953645-6D01-37E4-ACF7-D3F9BFFCA49D} = {36953645-6D01-37E4-ACF7-D3F9BFFCA49D}
		{F4AD2C38-E6B9-3C4A-A281-4AB7440D6162} = {F4AD2C38-E6B9-3C4A-A281-4AB7440D6162}
		{D9D20410-4011-370C-8E15-A6F5C311F337} = {D9D20410-4011-370C-8E15-A6F5C311F337}
		{4A20AD5F-7334-31D3-B31D-9AAF53CC6678} = {4A20AD5F-7334-31D3-B31D-9AAF53CC6678}
		{5857EF98-C87F-3197-A399-F0F9A20913FC} = {5857EF98-C87F-3197-A399-F0F9A20913FC}
		{F6E7B14E-D9E6-343C-B58D-CA0381A3BB8F} = {F6E7B14E-D9E6-343C-B58D-CA0381A3BB8F}
		{FBB107B9-523B-3094-95CF-A103E2388006} = {FBB107B9-523B-3094-95CF-A103E2388006}
		{5B4A6D26-C638-3350-9E1A-0F987C448DEC} = {5B4A6D26-C638-3350-9E1A-0F987C448DEC}
		{11AB9AE9-CF65-341B-B425-9EDFC4E2F22F} = {11AB9AE9-CF65-341B-B425-9EDFC4E2F22F}
		{1134F859-3DE4-34B1-924F-82CA38D4D4F3} = {1134F859-3DE4-34B1-924F-82CA38D4D4F3}
	EndProjectSection
EndProject
Project("{8BC9CEB8-8B4A-11D0-8D11-00A0C91BC942}") = "INSTALL", "INSTALL.vcxproj", "{9DAF8CA3-052E-3480-A332-34676CAE852B}"
	ProjectSection(ProjectDependencies) = postProject
		{5216F769-E887-369E-AD1E-D6A1F69E834E} = {5216F769-E887-369E-AD1E-D6A1F69E834E}
		{806A44E1-15D4-3368-B0B9-2A6CC352D505} = {806A44E1-15D4-3368-B0B9-2A6CC352D505}
	EndProjectSection
EndProject
Project("{8BC9CEB8-8B4A-11D0-8D11-00A0C91BC942}") = "PACKAGE", "PACKAGE.vcxproj", "{3A3C6EA5-65CD-324E-90F4-6B4D70DD5A37}"
	ProjectSection(ProjectDependencies) = postProject
		{5216F769-E887-369E-AD1E-D6A1F69E834E} = {5216F769-E887-369E-AD1E-D6A1F69E834E}
		{806A44E1-15D4-3368-B0B9-2A6CC352D505} = {806A44E1-15D4-3368-B0B9-2A6CC352D505}
	EndProjectSection
EndProject
Project("{8BC9CEB8-8B4A-11D0-8D11-00A0C91BC942}") = "SQLiteCpp", "src\3rd_party\SQLiteCpp\SQLiteCpp.vcxproj", "{17E8F84B-76CD-326B-B50A-C4F3C3A8CE33}"
	ProjectSection(ProjectDependencies) = postProject
		{806A44E1-15D4-3368-B0B9-2A6CC352D505} = {806A44E1-15D4-3368-B0B9-2A6CC352D505}
	EndProjectSection
EndProject
Project("{8BC9CEB8-8B4A-11D0-8D11-00A0C91BC942}") = "ZERO_CHECK", "ZERO_CHECK.vcxproj", "{806A44E1-15D4-3368-B0B9-2A6CC352D505}"
	ProjectSection(ProjectDependencies) = postProject
	EndProjectSection
EndProject
Project("{8BC9CEB8-8B4A-11D0-8D11-00A0C91BC942}") = "libyaml-cpp", "src\3rd_party\yaml-cpp\libyaml-cpp.vcxproj", "{5AF43E07-5917-3D8F-9BF0-B41F698242EA}"
	ProjectSection(ProjectDependencies) = postProject
		{806A44E1-15D4-3368-B0B9-2A6CC352D505} = {806A44E1-15D4-3368-B0B9-2A6CC352D505}
	EndProjectSection
EndProject
Project("{8BC9CEB8-8B4A-11D0-8D11-00A0C91BC942}") = "marian", "src\marian.vcxproj", "{885D3D2B-7278-30EF-BB1B-50E83D1635C4}"
	ProjectSection(ProjectDependencies) = postProject
		{17E8F84B-76CD-326B-B50A-C4F3C3A8CE33} = {17E8F84B-76CD-326B-B50A-C4F3C3A8CE33}
		{806A44E1-15D4-3368-B0B9-2A6CC352D505} = {806A44E1-15D4-3368-B0B9-2A6CC352D505}
		{5AF43E07-5917-3D8F-9BF0-B41F698242EA} = {5AF43E07-5917-3D8F-9BF0-B41F698242EA}
		{55A27783-64A4-3AA7-A4B1-49C4B628F18C} = {55A27783-64A4-3AA7-A4B1-49C4B628F18C}
		{F4AD2C38-E6B9-3C4A-A281-4AB7440D6162} = {F4AD2C38-E6B9-3C4A-A281-4AB7440D6162}
		{1134F859-3DE4-34B1-924F-82CA38D4D4F3} = {1134F859-3DE4-34B1-924F-82CA38D4D4F3}
	EndProjectSection
EndProject
Project("{8BC9CEB8-8B4A-11D0-8D11-00A0C91BC942}") = "marian_conv", "src\marian_conv.vcxproj", "{3CD61EAE-244E-33AB-8C7D-F5182481E033}"
	ProjectSection(ProjectDependencies) = postProject
		{806A44E1-15D4-3368-B0B9-2A6CC352D505} = {806A44E1-15D4-3368-B0B9-2A6CC352D505}
		{885D3D2B-7278-30EF-BB1B-50E83D1635C4} = {885D3D2B-7278-30EF-BB1B-50E83D1635C4}
		{97131187-E592-3981-886F-222EE20FB669} = {97131187-E592-3981-886F-222EE20FB669}
		{D9D20410-4011-370C-8E15-A6F5C311F337} = {D9D20410-4011-370C-8E15-A6F5C311F337}
		{4A20AD5F-7334-31D3-B31D-9AAF53CC6678} = {4A20AD5F-7334-31D3-B31D-9AAF53CC6678}
	EndProjectSection
EndProject
Project("{8BC9CEB8-8B4A-11D0-8D11-00A0C91BC942}") = "marian_cuda", "src\marian_cuda.vcxproj", "{97131187-E592-3981-886F-222EE20FB669}"
	ProjectSection(ProjectDependencies) = postProject
		{806A44E1-15D4-3368-B0B9-2A6CC352D505} = {806A44E1-15D4-3368-B0B9-2A6CC352D505}
	EndProjectSection
EndProject
Project("{8BC9CEB8-8B4A-11D0-8D11-00A0C91BC942}") = "marian_decoder", "src\marian_decoder.vcxproj", "{25A05D30-AFC2-3F0E-B475-0B2B81530151}"
	ProjectSection(ProjectDependencies) = postProject
		{806A44E1-15D4-3368-B0B9-2A6CC352D505} = {806A44E1-15D4-3368-B0B9-2A6CC352D505}
		{885D3D2B-7278-30EF-BB1B-50E83D1635C4} = {885D3D2B-7278-30EF-BB1B-50E83D1635C4}
		{97131187-E592-3981-886F-222EE20FB669} = {97131187-E592-3981-886F-222EE20FB669}
		{D9D20410-4011-370C-8E15-A6F5C311F337} = {D9D20410-4011-370C-8E15-A6F5C311F337}
		{4A20AD5F-7334-31D3-B31D-9AAF53CC6678} = {4A20AD5F-7334-31D3-B31D-9AAF53CC6678}
	EndProjectSection
EndProject
Project("{8BC9CEB8-8B4A-11D0-8D11-00A0C91BC942}") = "marian_scorer", "src\marian_scorer.vcxproj", "{8A6B1F60-8E2D-3171-828B-07E732C8E7D7}"
	ProjectSection(ProjectDependencies) = postProject
		{806A44E1-15D4-3368-B0B9-2A6CC352D505} = {806A44E1-15D4-3368-B0B9-2A6CC352D505}
		{885D3D2B-7278-30EF-BB1B-50E83D1635C4} = {885D3D2B-7278-30EF-BB1B-50E83D1635C4}
		{97131187-E592-3981-886F-222EE20FB669} = {97131187-E592-3981-886F-222EE20FB669}
		{D9D20410-4011-370C-8E15-A6F5C311F337} = {D9D20410-4011-370C-8E15-A6F5C311F337}
		{4A20AD5F-7334-31D3-B31D-9AAF53CC6678} = {4A20AD5F-7334-31D3-B31D-9AAF53CC6678}
	EndProjectSection
EndProject
Project("{8BC9CEB8-8B4A-11D0-8D11-00A0C91BC942}") = "marian_server", "src\marian_server.vcxproj", "{3784D69C-33A9-33A7-A557-F809EF2F4D34}"
	ProjectSection(ProjectDependencies) = postProject
		{806A44E1-15D4-3368-B0B9-2A6CC352D505} = {806A44E1-15D4-3368-B0B9-2A6CC352D505}
		{885D3D2B-7278-30EF-BB1B-50E83D1635C4} = {885D3D2B-7278-30EF-BB1B-50E83D1635C4}
		{97131187-E592-3981-886F-222EE20FB669} = {97131187-E592-3981-886F-222EE20FB669}
		{D9D20410-4011-370C-8E15-A6F5C311F337} = {D9D20410-4011-370C-8E15-A6F5C311F337}
		{4A20AD5F-7334-31D3-B31D-9AAF53CC6678} = {4A20AD5F-7334-31D3-B31D-9AAF53CC6678}
	EndProjectSection
EndProject
Project("{8BC9CEB8-8B4A-11D0-8D11-00A0C91BC942}") = "marian_train", "src\marian_train.vcxproj", "{EA3973A2-F92E-3124-9817-81B2458EC8DC}"
	ProjectSection(ProjectDependencies) = postProject
		{806A44E1-15D4-3368-B0B9-2A6CC352D505} = {806A44E1-15D4-3368-B0B9-2A6CC352D505}
		{885D3D2B-7278-30EF-BB1B-50E83D1635C4} = {885D3D2B-7278-30EF-BB1B-50E83D1635C4}
		{97131187-E592-3981-886F-222EE20FB669} = {97131187-E592-3981-886F-222EE20FB669}
		{D9D20410-4011-370C-8E15-A6F5C311F337} = {D9D20410-4011-370C-8E15-A6F5C311F337}
		{4A20AD5F-7334-31D3-B31D-9AAF53CC6678} = {4A20AD5F-7334-31D3-B31D-9AAF53CC6678}
	EndProjectSection
EndProject
Project("{8BC9CEB8-8B4A-11D0-8D11-00A0C91BC942}") = "marian_version", "src\marian_version.vcxproj", "{55A27783-64A4-3AA7-A4B1-49C4B628F18C}"
	ProjectSection(ProjectDependencies) = postProject
		{806A44E1-15D4-3368-B0B9-2A6CC352D505} = {806A44E1-15D4-3368-B0B9-2A6CC352D505}
	EndProjectSection
EndProject
Project("{8BC9CEB8-8B4A-11D0-8D11-00A0C91BC942}") = "marian_vocab", "src\marian_vocab.vcxproj", "{36953645-6D01-37E4-ACF7-D3F9BFFCA49D}"
	ProjectSection(ProjectDependencies) = postProject
		{806A44E1-15D4-3368-B0B9-2A6CC352D505} = {806A44E1-15D4-3368-B0B9-2A6CC352D505}
		{885D3D2B-7278-30EF-BB1B-50E83D1635C4} = {885D3D2B-7278-30EF-BB1B-50E83D1635C4}
		{97131187-E592-3981-886F-222EE20FB669} = {97131187-E592-3981-886F-222EE20FB669}
		{D9D20410-4011-370C-8E15-A6F5C311F337} = {D9D20410-4011-370C-8E15-A6F5C311F337}
		{4A20AD5F-7334-31D3-B31D-9AAF53CC6678} = {4A20AD5F-7334-31D3-B31D-9AAF53CC6678}
	EndProjectSection
EndProject
Project("{8BC9CEB8-8B4A-11D0-8D11-00A0C91BC942}") = "pathie-cpp", "src\3rd_party\pathie-cpp\pathie-cpp.vcxproj", "{F4AD2C38-E6B9-3C4A-A281-4AB7440D6162}"
	ProjectSection(ProjectDependencies) = postProject
		{806A44E1-15D4-3368-B0B9-2A6CC352D505} = {806A44E1-15D4-3368-B0B9-2A6CC352D505}
	EndProjectSection
EndProject
Project("{8BC9CEB8-8B4A-11D0-8D11-00A0C91BC942}") = "sentencepiece-static", "src\3rd_party\sentencepiece\src\sentencepiece-static.vcxproj", "{D9D20410-4011-370C-8E15-A6F5C311F337}"
	ProjectSection(ProjectDependencies) = postProject
		{806A44E1-15D4-3368-B0B9-2A6CC352D505} = {806A44E1-15D4-3368-B0B9-2A6CC352D505}
	EndProjectSection
EndProject
Project("{8BC9CEB8-8B4A-11D0-8D11-00A0C91BC942}") = "sentencepiece_train-static", "src\3rd_party\sentencepiece\src\sentencepiece_train-static.vcxproj", "{4A20AD5F-7334-31D3-B31D-9AAF53CC6678}"
	ProjectSection(ProjectDependencies) = postProject
		{806A44E1-15D4-3368-B0B9-2A6CC352D505} = {806A44E1-15D4-3368-B0B9-2A6CC352D505}
	EndProjectSection
EndProject
Project("{8BC9CEB8-8B4A-11D0-8D11-00A0C91BC942}") = "spm_decode", "src\3rd_party\sentencepiece\src\spm_decode.vcxproj", "{5857EF98-C87F-3197-A399-F0F9A20913FC}"
	ProjectSection(ProjectDependencies) = postProject
		{806A44E1-15D4-3368-B0B9-2A6CC352D505} = {806A44E1-15D4-3368-B0B9-2A6CC352D505}
		{D9D20410-4011-370C-8E15-A6F5C311F337} = {D9D20410-4011-370C-8E15-A6F5C311F337}
	EndProjectSection
EndProject
Project("{8BC9CEB8-8B4A-11D0-8D11-00A0C91BC942}") = "spm_encode", "src\3rd_party\sentencepiece\src\spm_encode.vcxproj", "{F6E7B14E-D9E6-343C-B58D-CA0381A3BB8F}"
	ProjectSection(ProjectDependencies) = postProject
		{806A44E1-15D4-3368-B0B9-2A6CC352D505} = {806A44E1-15D4-3368-B0B9-2A6CC352D505}
		{D9D20410-4011-370C-8E15-A6F5C311F337} = {D9D20410-4011-370C-8E15-A6F5C311F337}
	EndProjectSection
EndProject
Project("{8BC9CEB8-8B4A-11D0-8D11-00A0C91BC942}") = "spm_export_vocab", "src\3rd_party\sentencepiece\src\spm_export_vocab.vcxproj", "{FBB107B9-523B-3094-95CF-A103E2388006}"
	ProjectSection(ProjectDependencies) = postProject
		{806A44E1-15D4-3368-B0B9-2A6CC352D505} = {806A44E1-15D4-3368-B0B9-2A6CC352D505}
		{D9D20410-4011-370C-8E15-A6F5C311F337} = {D9D20410-4011-370C-8E15-A6F5C311F337}
	EndProjectSection
EndProject
Project("{8BC9CEB8-8B4A-11D0-8D11-00A0C91BC942}") = "spm_normalize", "src\3rd_party\sentencepiece\src\spm_normalize.vcxproj", "{5B4A6D26-C638-3350-9E1A-0F987C448DEC}"
	ProjectSection(ProjectDependencies) = postProject
		{806A44E1-15D4-3368-B0B9-2A6CC352D505} = {806A44E1-15D4-3368-B0B9-2A6CC352D505}
		{D9D20410-4011-370C-8E15-A6F5C311F337} = {D9D20410-4011-370C-8E15-A6F5C311F337}
		{4A20AD5F-7334-31D3-B31D-9AAF53CC6678} = {4A20AD5F-7334-31D3-B31D-9AAF53CC6678}
	EndProjectSection
EndProject
Project("{8BC9CEB8-8B4A-11D0-8D11-00A0C91BC942}") = "spm_train", "src\3rd_party\sentencepiece\src\spm_train.vcxproj", "{11AB9AE9-CF65-341B-B425-9EDFC4E2F22F}"
	ProjectSection(ProjectDependencies) = postProject
		{806A44E1-15D4-3368-B0B9-2A6CC352D505} = {806A44E1-15D4-3368-B0B9-2A6CC352D505}
		{D9D20410-4011-370C-8E15-A6F5C311F337} = {D9D20410-4011-370C-8E15-A6F5C311F337}
		{4A20AD5F-7334-31D3-B31D-9AAF53CC6678} = {4A20AD5F-7334-31D3-B31D-9AAF53CC6678}
	EndProjectSection
EndProject
Project("{8BC9CEB8-8B4A-11D0-8D11-00A0C91BC942}") = "zlib", "src\3rd_party\zlib\zlib.vcxproj", "{1134F859-3DE4-34B1-924F-82CA38D4D4F3}"
	ProjectSection(ProjectDependencies) = postProject
		{806A44E1-15D4-3368-B0B9-2A6CC352D505} = {806A44E1-15D4-3368-B0B9-2A6CC352D505}
	EndProjectSection
EndProject
Global
	GlobalSection(SolutionConfigurationPlatforms) = preSolution
		Debug|x64 = Debug|x64
		Release|x64 = Release|x64
		MinSizeRel|x64 = MinSizeRel|x64
		RelWithDebInfo|x64 = RelWithDebInfo|x64
	EndGlobalSection
	GlobalSection(ProjectConfigurationPlatforms) = postSolution
		{5216F769-E887-369E-AD1E-D6A1F69E834E}.Debug|x64.ActiveCfg = Debug|x64
		{5216F769-E887-369E-AD1E-D6A1F69E834E}.Debug|x64.Build.0 = Debug|x64
		{5216F769-E887-369E-AD1E-D6A1F69E834E}.Release|x64.ActiveCfg = Release|x64
		{5216F769-E887-369E-AD1E-D6A1F69E834E}.Release|x64.Build.0 = Release|x64
		{5216F769-E887-369E-AD1E-D6A1F69E834E}.MinSizeRel|x64.ActiveCfg = MinSizeRel|x64
		{5216F769-E887-369E-AD1E-D6A1F69E834E}.MinSizeRel|x64.Build.0 = MinSizeRel|x64
		{5216F769-E887-369E-AD1E-D6A1F69E834E}.RelWithDebInfo|x64.ActiveCfg = RelWithDebInfo|x64
		{5216F769-E887-369E-AD1E-D6A1F69E834E}.RelWithDebInfo|x64.Build.0 = RelWithDebInfo|x64
		{9DAF8CA3-052E-3480-A332-34676CAE852B}.Debug|x64.ActiveCfg = Debug|x64
		{9DAF8CA3-052E-3480-A332-34676CAE852B}.Release|x64.ActiveCfg = Release|x64
		{9DAF8CA3-052E-3480-A332-34676CAE852B}.MinSizeRel|x64.ActiveCfg = MinSizeRel|x64
		{9DAF8CA3-052E-3480-A332-34676CAE852B}.RelWithDebInfo|x64.ActiveCfg = RelWithDebInfo|x64
		{3A3C6EA5-65CD-324E-90F4-6B4D70DD5A37}.Debug|x64.ActiveCfg = Debug|x64
		{3A3C6EA5-65CD-324E-90F4-6B4D70DD5A37}.Release|x64.ActiveCfg = Release|x64
		{3A3C6EA5-65CD-324E-90F4-6B4D70DD5A37}.MinSizeRel|x64.ActiveCfg = MinSizeRel|x64
		{3A3C6EA5-65CD-324E-90F4-6B4D70DD5A37}.RelWithDebInfo|x64.ActiveCfg = RelWithDebInfo|x64
		{17E8F84B-76CD-326B-B50A-C4F3C3A8CE33}.Debug|x64.ActiveCfg = Debug|x64
		{17E8F84B-76CD-326B-B50A-C4F3C3A8CE33}.Debug|x64.Build.0 = Debug|x64
		{17E8F84B-76CD-326B-B50A-C4F3C3A8CE33}.Release|x64.ActiveCfg = Release|x64
		{17E8F84B-76CD-326B-B50A-C4F3C3A8CE33}.Release|x64.Build.0 = Release|x64
		{17E8F84B-76CD-326B-B50A-C4F3C3A8CE33}.MinSizeRel|x64.ActiveCfg = MinSizeRel|x64
		{17E8F84B-76CD-326B-B50A-C4F3C3A8CE33}.MinSizeRel|x64.Build.0 = MinSizeRel|x64
		{17E8F84B-76CD-326B-B50A-C4F3C3A8CE33}.RelWithDebInfo|x64.ActiveCfg = RelWithDebInfo|x64
		{17E8F84B-76CD-326B-B50A-C4F3C3A8CE33}.RelWithDebInfo|x64.Build.0 = RelWithDebInfo|x64
		{806A44E1-15D4-3368-B0B9-2A6CC352D505}.Debug|x64.ActiveCfg = Debug|x64
		{806A44E1-15D4-3368-B0B9-2A6CC352D505}.Debug|x64.Build.0 = Debug|x64
		{806A44E1-15D4-3368-B0B9-2A6CC352D505}.Release|x64.ActiveCfg = Release|x64
		{806A44E1-15D4-3368-B0B9-2A6CC352D505}.Release|x64.Build.0 = Release|x64
		{806A44E1-15D4-3368-B0B9-2A6CC352D505}.MinSizeRel|x64.ActiveCfg = MinSizeRel|x64
		{806A44E1-15D4-3368-B0B9-2A6CC352D505}.MinSizeRel|x64.Build.0 = MinSizeRel|x64
		{806A44E1-15D4-3368-B0B9-2A6CC352D505}.RelWithDebInfo|x64.ActiveCfg = RelWithDebInfo|x64
		{806A44E1-15D4-3368-B0B9-2A6CC352D505}.RelWithDebInfo|x64.Build.0 = RelWithDebInfo|x64
		{5AF43E07-5917-3D8F-9BF0-B41F698242EA}.Debug|x64.ActiveCfg = Debug|x64
		{5AF43E07-5917-3D8F-9BF0-B41F698242EA}.Debug|x64.Build.0 = Debug|x64
		{5AF43E07-5917-3D8F-9BF0-B41F698242EA}.Release|x64.ActiveCfg = Release|x64
		{5AF43E07-5917-3D8F-9BF0-B41F698242EA}.Release|x64.Build.0 = Release|x64
		{5AF43E07-5917-3D8F-9BF0-B41F698242EA}.MinSizeRel|x64.ActiveCfg = MinSizeRel|x64
		{5AF43E07-5917-3D8F-9BF0-B41F698242EA}.MinSizeRel|x64.Build.0 = MinSizeRel|x64
		{5AF43E07-5917-3D8F-9BF0-B41F698242EA}.RelWithDebInfo|x64.ActiveCfg = RelWithDebInfo|x64
		{5AF43E07-5917-3D8F-9BF0-B41F698242EA}.RelWithDebInfo|x64.Build.0 = RelWithDebInfo|x64
		{885D3D2B-7278-30EF-BB1B-50E83D1635C4}.Debug|x64.ActiveCfg = Debug|x64
		{885D3D2B-7278-30EF-BB1B-50E83D1635C4}.Debug|x64.Build.0 = Debug|x64
		{885D3D2B-7278-30EF-BB1B-50E83D1635C4}.Release|x64.ActiveCfg = Release|x64
		{885D3D2B-7278-30EF-BB1B-50E83D1635C4}.Release|x64.Build.0 = Release|x64
		{885D3D2B-7278-30EF-BB1B-50E83D1635C4}.MinSizeRel|x64.ActiveCfg = MinSizeRel|x64
		{885D3D2B-7278-30EF-BB1B-50E83D1635C4}.MinSizeRel|x64.Build.0 = MinSizeRel|x64
		{885D3D2B-7278-30EF-BB1B-50E83D1635C4}.RelWithDebInfo|x64.ActiveCfg = RelWithDebInfo|x64
		{885D3D2B-7278-30EF-BB1B-50E83D1635C4}.RelWithDebInfo|x64.Build.0 = RelWithDebInfo|x64
		{3CD61EAE-244E-33AB-8C7D-F5182481E033}.Debug|x64.ActiveCfg = Debug|x64
		{3CD61EAE-244E-33AB-8C7D-F5182481E033}.Debug|x64.Build.0 = Debug|x64
		{3CD61EAE-244E-33AB-8C7D-F5182481E033}.Release|x64.ActiveCfg = Release|x64
		{3CD61EAE-244E-33AB-8C7D-F5182481E033}.Release|x64.Build.0 = Release|x64
		{3CD61EAE-244E-33AB-8C7D-F5182481E033}.MinSizeRel|x64.ActiveCfg = MinSizeRel|x64
		{3CD61EAE-244E-33AB-8C7D-F5182481E033}.MinSizeRel|x64.Build.0 = MinSizeRel|x64
		{3CD61EAE-244E-33AB-8C7D-F5182481E033}.RelWithDebInfo|x64.ActiveCfg = RelWithDebInfo|x64
		{3CD61EAE-244E-33AB-8C7D-F5182481E033}.RelWithDebInfo|x64.Build.0 = RelWithDebInfo|x64
		{97131187-E592-3981-886F-222EE20FB669}.Debug|x64.ActiveCfg = Debug|x64
		{97131187-E592-3981-886F-222EE20FB669}.Debug|x64.Build.0 = Debug|x64
		{97131187-E592-3981-886F-222EE20FB669}.Release|x64.ActiveCfg = Release|x64
		{97131187-E592-3981-886F-222EE20FB669}.Release|x64.Build.0 = Release|x64
		{97131187-E592-3981-886F-222EE20FB669}.MinSizeRel|x64.ActiveCfg = MinSizeRel|x64
		{97131187-E592-3981-886F-222EE20FB669}.MinSizeRel|x64.Build.0 = MinSizeRel|x64
		{97131187-E592-3981-886F-222EE20FB669}.RelWithDebInfo|x64.ActiveCfg = RelWithDebInfo|x64
		{97131187-E592-3981-886F-222EE20FB669}.RelWithDebInfo|x64.Build.0 = RelWithDebInfo|x64
		{25A05D30-AFC2-3F0E-B475-0B2B81530151}.Debug|x64.ActiveCfg = Debug|x64
		{25A05D30-AFC2-3F0E-B475-0B2B81530151}.Debug|x64.Build.0 = Debug|x64
		{25A05D30-AFC2-3F0E-B475-0B2B81530151}.Release|x64.ActiveCfg = Release|x64
		{25A05D30-AFC2-3F0E-B475-0B2B81530151}.Release|x64.Build.0 = Release|x64
		{25A05D30-AFC2-3F0E-B475-0B2B81530151}.MinSizeRel|x64.ActiveCfg = MinSizeRel|x64
		{25A05D30-AFC2-3F0E-B475-0B2B81530151}.MinSizeRel|x64.Build.0 = MinSizeRel|x64
		{25A05D30-AFC2-3F0E-B475-0B2B81530151}.RelWithDebInfo|x64.ActiveCfg = RelWithDebInfo|x64
		{25A05D30-AFC2-3F0E-B475-0B2B81530151}.RelWithDebInfo|x64.Build.0 = RelWithDebInfo|x64
		{8A6B1F60-8E2D-3171-828B-07E732C8E7D7}.Debug|x64.ActiveCfg = Debug|x64
		{8A6B1F60-8E2D-3171-828B-07E732C8E7D7}.Debug|x64.Build.0 = Debug|x64
		{8A6B1F60-8E2D-3171-828B-07E732C8E7D7}.Release|x64.ActiveCfg = Release|x64
		{8A6B1F60-8E2D-3171-828B-07E732C8E7D7}.Release|x64.Build.0 = Release|x64
		{8A6B1F60-8E2D-3171-828B-07E732C8E7D7}.MinSizeRel|x64.ActiveCfg = MinSizeRel|x64
		{8A6B1F60-8E2D-3171-828B-07E732C8E7D7}.MinSizeRel|x64.Build.0 = MinSizeRel|x64
		{8A6B1F60-8E2D-3171-828B-07E732C8E7D7}.RelWithDebInfo|x64.ActiveCfg = RelWithDebInfo|x64
		{8A6B1F60-8E2D-3171-828B-07E732C8E7D7}.RelWithDebInfo|x64.Build.0 = RelWithDebInfo|x64
		{3784D69C-33A9-33A7-A557-F809EF2F4D34}.Debug|x64.ActiveCfg = Debug|x64
		{3784D69C-33A9-33A7-A557-F809EF2F4D34}.Debug|x64.Build.0 = Debug|x64
		{3784D69C-33A9-33A7-A557-F809EF2F4D34}.Release|x64.ActiveCfg = Release|x64
		{3784D69C-33A9-33A7-A557-F809EF2F4D34}.Release|x64.Build.0 = Release|x64
		{3784D69C-33A9-33A7-A557-F809EF2F4D34}.MinSizeRel|x64.ActiveCfg = MinSizeRel|x64
		{3784D69C-33A9-33A7-A557-F809EF2F4D34}.MinSizeRel|x64.Build.0 = MinSizeRel|x64
		{3784D69C-33A9-33A7-A557-F809EF2F4D34}.RelWithDebInfo|x64.ActiveCfg = RelWithDebInfo|x64
		{3784D69C-33A9-33A7-A557-F809EF2F4D34}.RelWithDebInfo|x64.Build.0 = RelWithDebInfo|x64
		{EA3973A2-F92E-3124-9817-81B2458EC8DC}.Debug|x64.ActiveCfg = Debug|x64
		{EA3973A2-F92E-3124-9817-81B2458EC8DC}.Debug|x64.Build.0 = Debug|x64
		{EA3973A2-F92E-3124-9817-81B2458EC8DC}.Release|x64.ActiveCfg = Release|x64
		{EA3973A2-F92E-3124-9817-81B2458EC8DC}.Release|x64.Build.0 = Release|x64
		{EA3973A2-F92E-3124-9817-81B2458EC8DC}.MinSizeRel|x64.ActiveCfg = MinSizeRel|x64
		{EA3973A2-F92E-3124-9817-81B2458EC8DC}.MinSizeRel|x64.Build.0 = MinSizeRel|x64
		{EA3973A2-F92E-3124-9817-81B2458EC8DC}.RelWithDebInfo|x64.ActiveCfg = RelWithDebInfo|x64
		{EA3973A2-F92E-3124-9817-81B2458EC8DC}.RelWithDebInfo|x64.Build.0 = RelWithDebInfo|x64
		{55A27783-64A4-3AA7-A4B1-49C4B628F18C}.Debug|x64.ActiveCfg = Debug|x64
		{55A27783-64A4-3AA7-A4B1-49C4B628F18C}.Debug|x64.Build.0 = Debug|x64
		{55A27783-64A4-3AA7-A4B1-49C4B628F18C}.Release|x64.ActiveCfg = Release|x64
		{55A27783-64A4-3AA7-A4B1-49C4B628F18C}.Release|x64.Build.0 = Release|x64
		{55A27783-64A4-3AA7-A4B1-49C4B628F18C}.MinSizeRel|x64.ActiveCfg = MinSizeRel|x64
		{55A27783-64A4-3AA7-A4B1-49C4B628F18C}.MinSizeRel|x64.Build.0 = MinSizeRel|x64
		{55A27783-64A4-3AA7-A4B1-49C4B628F18C}.RelWithDebInfo|x64.ActiveCfg = RelWithDebInfo|x64
		{55A27783-64A4-3AA7-A4B1-49C4B628F18C}.RelWithDebInfo|x64.Build.0 = RelWithDebInfo|x64
		{36953645-6D01-37E4-ACF7-D3F9BFFCA49D}.Debug|x64.ActiveCfg = Debug|x64
		{36953645-6D01-37E4-ACF7-D3F9BFFCA49D}.Debug|x64.Build.0 = Debug|x64
		{36953645-6D01-37E4-ACF7-D3F9BFFCA49D}.Release|x64.ActiveCfg = Release|x64
		{36953645-6D01-37E4-ACF7-D3F9BFFCA49D}.Release|x64.Build.0 = Release|x64
		{36953645-6D01-37E4-ACF7-D3F9BFFCA49D}.MinSizeRel|x64.ActiveCfg = MinSizeRel|x64
		{36953645-6D01-37E4-ACF7-D3F9BFFCA49D}.MinSizeRel|x64.Build.0 = MinSizeRel|x64
		{36953645-6D01-37E4-ACF7-D3F9BFFCA49D}.RelWithDebInfo|x64.ActiveCfg = RelWithDebInfo|x64
		{36953645-6D01-37E4-ACF7-D3F9BFFCA49D}.RelWithDebInfo|x64.Build.0 = RelWithDebInfo|x64
		{F4AD2C38-E6B9-3C4A-A281-4AB7440D6162}.Debug|x64.ActiveCfg = Debug|x64
		{F4AD2C38-E6B9-3C4A-A281-4AB7440D6162}.Debug|x64.Build.0 = Debug|x64
		{F4AD2C38-E6B9-3C4A-A281-4AB7440D6162}.Release|x64.ActiveCfg = Release|x64
		{F4AD2C38-E6B9-3C4A-A281-4AB7440D6162}.Release|x64.Build.0 = Release|x64
		{F4AD2C38-E6B9-3C4A-A281-4AB7440D6162}.MinSizeRel|x64.ActiveCfg = MinSizeRel|x64
		{F4AD2C38-E6B9-3C4A-A281-4AB7440D6162}.MinSizeRel|x64.Build.0 = MinSizeRel|x64
		{F4AD2C38-E6B9-3C4A-A281-4AB7440D6162}.RelWithDebInfo|x64.ActiveCfg = RelWithDebInfo|x64
		{F4AD2C38-E6B9-3C4A-A281-4AB7440D6162}.RelWithDebInfo|x64.Build.0 = RelWithDebInfo|x64
		{D9D20410-4011-370C-8E15-A6F5C311F337}.Debug|x64.ActiveCfg = Debug|x64
		{D9D20410-4011-370C-8E15-A6F5C311F337}.Debug|x64.Build.0 = Debug|x64
		{D9D20410-4011-370C-8E15-A6F5C311F337}.Release|x64.ActiveCfg = Release|x64
		{D9D20410-4011-370C-8E15-A6F5C311F337}.Release|x64.Build.0 = Release|x64
		{D9D20410-4011-370C-8E15-A6F5C311F337}.MinSizeRel|x64.ActiveCfg = MinSizeRel|x64
		{D9D20410-4011-370C-8E15-A6F5C311F337}.MinSizeRel|x64.Build.0 = MinSizeRel|x64
		{D9D20410-4011-370C-8E15-A6F5C311F337}.RelWithDebInfo|x64.ActiveCfg = RelWithDebInfo|x64
		{D9D20410-4011-370C-8E15-A6F5C311F337}.RelWithDebInfo|x64.Build.0 = RelWithDebInfo|x64
		{4A20AD5F-7334-31D3-B31D-9AAF53CC6678}.Debug|x64.ActiveCfg = Debug|x64
		{4A20AD5F-7334-31D3-B31D-9AAF53CC6678}.Debug|x64.Build.0 = Debug|x64
		{4A20AD5F-7334-31D3-B31D-9AAF53CC6678}.Release|x64.ActiveCfg = Release|x64
		{4A20AD5F-7334-31D3-B31D-9AAF53CC6678}.Release|x64.Build.0 = Release|x64
		{4A20AD5F-7334-31D3-B31D-9AAF53CC6678}.MinSizeRel|x64.ActiveCfg = MinSizeRel|x64
		{4A20AD5F-7334-31D3-B31D-9AAF53CC6678}.MinSizeRel|x64.Build.0 = MinSizeRel|x64
		{4A20AD5F-7334-31D3-B31D-9AAF53CC6678}.RelWithDebInfo|x64.ActiveCfg = RelWithDebInfo|x64
		{4A20AD5F-7334-31D3-B31D-9AAF53CC6678}.RelWithDebInfo|x64.Build.0 = RelWithDebInfo|x64
		{5857EF98-C87F-3197-A399-F0F9A20913FC}.Debug|x64.ActiveCfg = Debug|x64
		{5857EF98-C87F-3197-A399-F0F9A20913FC}.Debug|x64.Build.0 = Debug|x64
		{5857EF98-C87F-3197-A399-F0F9A20913FC}.Release|x64.ActiveCfg = Release|x64
		{5857EF98-C87F-3197-A399-F0F9A20913FC}.Release|x64.Build.0 = Release|x64
		{5857EF98-C87F-3197-A399-F0F9A20913FC}.MinSizeRel|x64.ActiveCfg = MinSizeRel|x64
		{5857EF98-C87F-3197-A399-F0F9A20913FC}.MinSizeRel|x64.Build.0 = MinSizeRel|x64
		{5857EF98-C87F-3197-A399-F0F9A20913FC}.RelWithDebInfo|x64.ActiveCfg = RelWithDebInfo|x64
		{5857EF98-C87F-3197-A399-F0F9A20913FC}.RelWithDebInfo|x64.Build.0 = RelWithDebInfo|x64
		{F6E7B14E-D9E6-343C-B58D-CA0381A3BB8F}.Debug|x64.ActiveCfg = Debug|x64
		{F6E7B14E-D9E6-343C-B58D-CA0381A3BB8F}.Debug|x64.Build.0 = Debug|x64
		{F6E7B14E-D9E6-343C-B58D-CA0381A3BB8F}.Release|x64.ActiveCfg = Release|x64
		{F6E7B14E-D9E6-343C-B58D-CA0381A3BB8F}.Release|x64.Build.0 = Release|x64
		{F6E7B14E-D9E6-343C-B58D-CA0381A3BB8F}.MinSizeRel|x64.ActiveCfg = MinSizeRel|x64
		{F6E7B14E-D9E6-343C-B58D-CA0381A3BB8F}.MinSizeRel|x64.Build.0 = MinSizeRel|x64
		{F6E7B14E-D9E6-343C-B58D-CA0381A3BB8F}.RelWithDebInfo|x64.ActiveCfg = RelWithDebInfo|x64
		{F6E7B14E-D9E6-343C-B58D-CA0381A3BB8F}.RelWithDebInfo|x64.Build.0 = RelWithDebInfo|x64
		{FBB107B9-523B-3094-95CF-A103E2388006}.Debug|x64.ActiveCfg = Debug|x64
		{FBB107B9-523B-3094-95CF-A103E2388006}.Debug|x64.Build.0 = Debug|x64
		{FBB107B9-523B-3094-95CF-A103E2388006}.Release|x64.ActiveCfg = Release|x64
		{FBB107B9-523B-3094-95CF-A103E2388006}.Release|x64.Build.0 = Release|x64
		{FBB107B9-523B-3094-95CF-A103E2388006}.MinSizeRel|x64.ActiveCfg = MinSizeRel|x64
		{FBB107B9-523B-3094-95CF-A103E2388006}.MinSizeRel|x64.Build.0 = MinSizeRel|x64
		{FBB107B9-523B-3094-95CF-A103E2388006}.RelWithDebInfo|x64.ActiveCfg = RelWithDebInfo|x64
		{FBB107B9-523B-3094-95CF-A103E2388006}.RelWithDebInfo|x64.Build.0 = RelWithDebInfo|x64
		{5B4A6D26-C638-3350-9E1A-0F987C448DEC}.Debug|x64.ActiveCfg = Debug|x64
		{5B4A6D26-C638-3350-9E1A-0F987C448DEC}.Debug|x64.Build.0 = Debug|x64
		{5B4A6D26-C638-3350-9E1A-0F987C448DEC}.Release|x64.ActiveCfg = Release|x64
		{5B4A6D26-C638-3350-9E1A-0F987C448DEC}.Release|x64.Build.0 = Release|x64
		{5B4A6D26-C638-3350-9E1A-0F987C448DEC}.MinSizeRel|x64.ActiveCfg = MinSizeRel|x64
		{5B4A6D26-C638-3350-9E1A-0F987C448DEC}.MinSizeRel|x64.Build.0 = MinSizeRel|x64
		{5B4A6D26-C638-3350-9E1A-0F987C448DEC}.RelWithDebInfo|x64.ActiveCfg = RelWithDebInfo|x64
		{5B4A6D26-C638-3350-9E1A-0F987C448DEC}.RelWithDebInfo|x64.Build.0 = RelWithDebInfo|x64
		{11AB9AE9-CF65-341B-B425-9EDFC4E2F22F}.Debug|x64.ActiveCfg = Debug|x64
		{11AB9AE9-CF65-341B-B425-9EDFC4E2F22F}.Debug|x64.Build.0 = Debug|x64
		{11AB9AE9-CF65-341B-B425-9EDFC4E2F22F}.Release|x64.ActiveCfg = Release|x64
		{11AB9AE9-CF65-341B-B425-9EDFC4E2F22F}.Release|x64.Build.0 = Release|x64
		{11AB9AE9-CF65-341B-B425-9EDFC4E2F22F}.MinSizeRel|x64.ActiveCfg = MinSizeRel|x64
		{11AB9AE9-CF65-341B-B425-9EDFC4E2F22F}.MinSizeRel|x64.Build.0 = MinSizeRel|x64
		{11AB9AE9-CF65-341B-B425-9EDFC4E2F22F}.RelWithDebInfo|x64.ActiveCfg = RelWithDebInfo|x64
		{11AB9AE9-CF65-341B-B425-9EDFC4E2F22F}.RelWithDebInfo|x64.Build.0 = RelWithDebInfo|x64
		{1134F859-3DE4-34B1-924F-82CA38D4D4F3}.Debug|x64.ActiveCfg = Debug|x64
		{1134F859-3DE4-34B1-924F-82CA38D4D4F3}.Debug|x64.Build.0 = Debug|x64
		{1134F859-3DE4-34B1-924F-82CA38D4D4F3}.Release|x64.ActiveCfg = Release|x64
		{1134F859-3DE4-34B1-924F-82CA38D4D4F3}.Release|x64.Build.0 = Release|x64
		{1134F859-3DE4-34B1-924F-82CA38D4D4F3}.MinSizeRel|x64.ActiveCfg = MinSizeRel|x64
		{1134F859-3DE4-34B1-924F-82CA38D4D4F3}.MinSizeRel|x64.Build.0 = MinSizeRel|x64
		{1134F859-3DE4-34B1-924F-82CA38D4D4F3}.RelWithDebInfo|x64.ActiveCfg = RelWithDebInfo|x64
		{1134F859-3DE4-34B1-924F-82CA38D4D4F3}.RelWithDebInfo|x64.Build.0 = RelWithDebInfo|x64
	EndGlobalSection
	GlobalSection(ExtensibilityGlobals) = postSolution
		SolutionGuid = {A73289FB-DB51-3D6F-802E-B474CC102EDA}
	EndGlobalSection
	GlobalSection(ExtensibilityAddIns) = postSolution
	EndGlobalSection
EndGlobal
